
Microsoft Visual Studio Solution File, Format Version 12.00
# Visual Studio Version 17
VisualStudioVersion = 17.2.32630.192
MinimumVisualStudioVersion = 10.0.40219.1
Project("{FAE04EC0-301F-11D3-BF4B-00C04F79EFBC}") = "ClassMetotDemo", "ClassMetotDemo\ClassMetotDemo.csproj", "{652CECD7-A0A0-4889-BA88-5FFCED11E6C3}"
EndProject
Global
	GlobalSection(SolutionConfigurationPlatforms) = preSolution
		Debug|Any CPU = Debug|Any CPU
		Release|Any CPU = Release|Any CPU
	EndGlobalSection
	GlobalSection(ProjectConfigurationPlatforms) = postSolution
		{652CECD7-A0A0-4889-BA88-5FFCED11E6C3}.Debug|Any CPU.ActiveCfg = Debug|Any CPU
		{652CECD7-A0A0-4889-BA88-5FFCED11E6C3}.Debug|Any CPU.Build.0 = Debug|Any CPU
		{652CECD7-A0A0-4889-BA88-5FFCED11E6C3}.Release|Any CPU.ActiveCfg = Release|Any CPU
		{652CECD7-A0A0-4889-BA88-5FFCED11E6C3}.Release|Any CPU.Build.0 = Release|Any CPU
	EndGlobalSection
	GlobalSection(SolutionProperties) = preSolution
		HideSolutionNode = FALSE
	EndGlobalSection
	GlobalSection(ExtensibilityGlobals) = postSolution
		SolutionGuid = {3AD8895E-83C4-44F8-A05F-967125BFB4D6}
	EndGlobalSection
EndGlobal
